{
  "name": "beandown",
  "version": "1.0.0",
  "lockfileVersion": 1,
  "requires": true,
  "dependencies": {
    "bean-parser": {
      "version": "1.0.7",
      "resolved": "https://registry.npmjs.org/bean-parser/-/bean-parser-1.0.7.tgz",
      "integrity": "sha512-sj2tgCcwPuqdOJxmZMV/M3BpScJHRut3RrFGjRzOPTWmSmxudEIx3NDz1WIdzDaLpvT9lMmf/tmtd6LOBUco3Q=="
    },
    "denque": {
      "version": "1.4.1",
      "resolved": "https://registry.npmjs.org/denque/-/denque-1.4.1.tgz",
      "integrity": "sha512-OfzPuSZKGcgr96rf1oODnfjqBFmr1DVoc/TrItj3Ohe0Ah1C5WX5Baquw/9U9KovnQ88EqmJbD66rKYUQYN1tQ=="
    }
  }
}
